{
  "name": "portal-afiliados-da-elite",
  "version": "0.0.0",
  "lockfileVersion": 3,
  "requires": true,
  "packages": {
    "": {
      "name": "portal-afiliados-da-elite",
      "version": "0.0.0",
      "dependencies": {
        "@headlessui/react": "^2.2.4",
        "@hookform/resolvers": "^3.9.0",
        "@radix-ui/react-accordion": "^1.2.0",
        "@radix-ui/react-alert-dialog": "^1.1.1",
        "@radix-ui/react-aspect-ratio": "^1.1.0",
        "@radix-ui/react-avatar": "^1.1.0",
        "@radix-ui/react-checkbox": "^1.1.1",
        "@radix-ui/react-collapsible": "^1.1.0",
        "@radix-ui/react-context-menu": "^2.2.1",
        "@radix-ui/react-dialog": "^1.1.2",
        "@radix-ui/react-dropdown-menu": "^2.1.1",
        "@radix-ui/react-hover-card": "^1.1.1",
        "@radix-ui/react-label": "^2.1.0",
        "@radix-ui/react-menubar": "^1.1.1",
        "@radix-ui/react-navigation-menu": "^1.2.0",
        "@radix-ui/react-popover": "^1.1.1",
        "@radix-ui/react-progress": "^1.1.0",
        "@radix-ui/react-radio-group": "^1.2.0",
        "@radix-ui/react-scroll-area": "^1.1.0",
        "@radix-ui/react-select": "^2.1.1",
        "@radix-ui/react-separator": "^1.1.0",
        "@radix-ui/react-slider": "^1.2.0",
        "@radix-ui/react-slot": "^1.1.0",
        "@radix-ui/react-switch": "^1.1.0",
        "@radix-ui/react-tabs": "^1.1.0",
        "@radix-ui/react-toast": "^1.2.1",
        "@radix-ui/react-toggle": "^1.1.0",
        "@radix-ui/react-toggle-group": "^1.1.0",
        "@radix-ui/react-tooltip": "^1.1.4",
        "@supabase/supabase-js": "^2.49.8",
        "@tanstack/react-query": "^5.56.2",
        "class-variance-authority": "^0.7.1",
        "clsx": "^2.1.1",
        "cmdk": "^1.0.0",
        "date-fns": "^3.6.0",
        "embla-carousel-react": "^8.3.0",
        "input-otp": "^1.2.4",
        "lucide-react": "^0.462.0",
        "next-themes": "^0.3.0",
        "react": "latest",
        "react-day-picker": "^8.10.1",
        "react-dom": "latest",
        "react-hook-form": "^7.53.0",
        "react-image-crop": "^11.0.10",
        "react-resizable-panels": "^2.1.3",
        "react-router-dom": "^6.26.2",
        "recharts": "^2.12.7",
        "sonner": "^1.5.0",
        "tailwind-merge": "^2.5.2",
        "tailwindcss-animate": "^1.0.7",
        "vaul": "^0.9.3",
        "zod": "^3.23.8"
      },
      "devDependencies": {
        "@eslint/js": "^9.9.0",
        "@tailwindcss/typography": "latest",
        "@types/node": "^22.5.5",
        "@types/react": "latest",
        "@types/react-dom": "latest",
        "@vitejs/plugin-react-swc": "^3.5.0",
        "autoprefixer": "latest",
        "dotenv": "^16.5.0",
        "eslint": "^9.9.0",
        "eslint-plugin-react-hooks": "^5.1.0-rc.0",
        "eslint-plugin-react-refresh": "^0.4.9",
        "globals": "^15.9.0",
        "lovable-tagger": "^1.1.7",
        "postcss": "latest",
        "tailwindcss": "latest",
        "ts-node": "^10.9.2",
        "typescript": "^5.5.3",
        "typescript-eslint": "^8.0.1",
        "vite": "^5.4.1"
      }
    },
    "node_modules/@alloc/quick-lru": {
      "version": "5.2.0",
      "resolved": "https://registry.npmjs.org/@alloc/quick-lru/-/quick-lru-5.2.0.tgz",
      "integrity": "sha512-UrcABB+4bUrFABwbluTIBErXwvbsU/V7TZWfmbgJfbkwiBuziS9gxdODUyuiecfdGQ85jglMW6juS3+z5TsKLw==",
      "license": "MIT",
      "engines": {
        "node": ">=10"
      },
      "funding": {
        "url": "https://github.com/sponsors/sindresorhus"
      }
    },
    "node_modules/@babel/helper-string-parser": {
      "version": "7.25.9",
      "resolved": "https://registry.npmjs.org/@babel/helper-string-parser/-/helper-string-parser-7.25.9.tgz",
      "integrity": "sha512-4A/SCr/2KLd5jrtOMFzaKjVtAei3+2r/NChoBNoZ3EyP/+GlhoaEGoWOZUmFmoITP7zOJyHIMm+DYRd8o3PvHA==",
      "dev": true,
      "license": "MIT",
      "engines": {
        "node": ">=6.9.0"
      }
    },
    "node_modules/@babel/helper-validator-identifier": {
      "version": "7.25.9",
      "resolved": "https://registry.npmjs.org/@babel/helper-validator-identifier/-/helper-validator-identifier-7.25.9.tgz",
      "integrity": "sha512-Ed61U6XJc3CVRfkERJWDz4dJwKe7iLmmJsbOGu9wSloNSFttHV0I8g6UAgb7qnK5ly5bGLPd4oXZlxCdANBOWQ==",
      "dev": true,
      "license": "MIT",
      "engines": {
        "node": ">=6.9.0"
      }
    },
    "node_modules/@babel/parser": {
      "version": "7.25.9",
      "resolved": "https://registry.npmjs.org/@babel/parser/-/parser-7.25.9.tgz",
      "integrity": "sha512-aI3jjAAO1fh7vY/pBGsn1i9LDbRP43+asrRlkPuTXW5yHXtd1NgTEMudbBoDDxrf1daEEfPJqR+JBMakzrR4Dg==",
      "dev": true,
      "license": "MIT",
      "dependencies": {
        "@babel/types": "^7.25.9"
      },
      "bin": {
        "parser": "bin/babel-parser.js"
      },
      "engines": {
        "node": ">=6.0.0"
      }
    },
    "node_modules/@babel/runtime": {
      "version": "7.27.4",
      "resolved": "https://registry.npmjs.org/@babel/runtime/-/runtime-7.27.4.tgz",
      "integrity": "sha512-t3yaEOuGu9NlIZ+hIeGbBjFtZT7j2cb2tg0fuaJKeGotchRjjLfrBA9Kwf8quhpP1EUuxModQg04q/mBwyg8uA==",
      "license": "MIT",
      "engines": {
        "node": ">=6.9.0"
      }
    },
    "node_modules/@babel/types": {
      "version": "7.25.9",
      "resolved": "https://registry.npmjs.org/@babel/types/-/types-7.25.9.tgz",
      "integrity": "sha512-OwS2CM5KocvQ/k7dFJa8i5bNGJP0hXWfVCfDkqRFP1IreH1JDC7wG6eCYCi0+McbfT8OR/kNqsI0UU0xP9H6PQ==",
      "dev": true,
      "license": "MIT",
      "dependencies": {
        "@babel/helper-string-parser": "^7.25.9",
        "@babel/helper-validator-identifier": "^7.25.9"
      },
      "engines": {
        "node": ">=6.9.0"
      }
    },
    "node_modules/@cspotcode/source-map-support": {
      "version": "0.8.1",
      "resolved": "https://registry.npmjs.org/@cspotcode/source-map-support/-/source-map-support-0.8.1.tgz",
      "integrity": "sha512-IchNf6dN4tHoMFIn/7OE8LWZ19Y6q/67Bmf6vnGREv8RSbBVb9LPJxEcnwrcwX6ixSvaiGoomAUvu4YSxXrVgw==",
      "devOptional": true,
      "license": "MIT",
      "dependencies": {
        "@jridgewell/trace-mapping": "0.3.9"
      },
      "engines": {
        "node": ">=12"
      }
    },
    "node_modules/@cspotcode/source-map-support/node_modules/@jridgewell/trace-mapping": {
      "version": "0.3.9",
      "resolved": "https://registry.npmjs.org/@jridgewell/trace-mapping/-/trace-mapping-0.3.9.tgz",
      "integrity": "sha512-3Belt6tdc8bPgAtbcmdtNJlirVoTmEb5e2gC94PnkwEW9jI6CAHUeoG85tjWP5WquqfavoMtMwiG4P926ZKKuQ==",
      "devOptional": true,
      "license": "MIT",
      "dependencies": {
        "@jridgewell/resolve-uri": "^3.0.3",
        "@jridgewell/sourcemap-codec": "^1.4.10"
      }
    },
    "node_modules/@esbuild/aix-ppc64": {
      "version": "0.21.5",
      "resolved": "https://registry.npmjs.org/@esbuild/aix-ppc64/-/aix-ppc64-0.21.5.tgz",
      "integrity": "sha512-1SDgH6ZSPTlggy1yI6+Dbkiz8xzpHJEVAlF/AM1tHPLsf5STom9rwtjE4hKAF20FfXXNTFqEYXyJNWh1GiZedQ==",
      "cpu": [
        "ppc64"
      ],
      "dev": true,
      "license": "MIT",
      "optional": true,
      "os": [
        "aix"
      ],
      "engines": {
        "node": ">=12"
      }
    },
    "node_modules/@esbuild/android-arm": {
      "version": "0.21.5",
      "resolved": "https://registry.npmjs.org/@esbuild/android-arm/-/android-arm-0.21.5.tgz",
      "integrity": "sha512-vCPvzSjpPHEi1siZdlvAlsPxXl7WbOVUBBAowWug4rJHb68Ox8KualB+1ocNvT5fjv6wpkX6o/iEpbDrf68zcg==",
      "cpu": [
        "arm"
      ],
      "dev": true,
      "license": "MIT",
      "optional": true,
      "os": [
        "android"
      ],
      "engines": {
        "node": ">=12"
      }
    },
    "node_modules/@esbuild/android-arm64": {
      "version": "0.21.5",
      "resolved": "https://registry.npmjs.org/@esbuild/android-arm64/-/android-arm64-0.21.5.tgz",
      "integrity": "sha512-c0uX9VAUBQ7dTDCjq+wdyGLowMdtR/GoC2U5IYk/7D1H1JYC0qseD7+11iMP2mRLN9RcCMRcjC4YMclCzGwS/A==",
      "cpu": [
        "arm64"
      ],
      "dev": true,
      "license": "MIT",
      "optional": true,
      "os": [
        "android"
      ],
      "engines": {
        "node": ">=12"
      }
    },
    "node_modules/@esbuild/android-x64": {
      "version": "0.21.5",
      "resolved": "https://registry.npmjs.org/@esbuild/android-x64/-/android-x64-0.21.5.tgz",
      "integrity": "sha512-D7aPRUUNHRBwHxzxRvp856rjUHRFW1SdQATKXH2hqA0kAZb1hKmi02OpYRacl0TxIGz/ZmXWlbZgjwWYaCakTA==",
      "cpu": [
        "x64"
      ],
      "dev": true,
      "license": "MIT",
      "optional": true,
      "os": [
        "android"
      ],
      "engines": {
        "node": ">=12"
      }
    },
    "node_modules/@esbuild/darwin-arm64": {
      "version": "0.21.5",
      "resolved": "https://registry.npmjs.org/@esbuild/darwin-arm64/-/darwin-arm64-0.21.5.tgz",
      "integrity": "sha512-nF+K4Q3yT6i3KkSPOo3qfM3U3Q/Y3zX9nBLbO2JgSZiJk2vK0KvtqgLhUj4HyOPMhvL1Daxnsx80Hj7d+lR7DA==",
      "cpu": [
        "arm64"
      ],
      "dev": true,
      "license": "MIT",
      "optional": true,
      "os": [
        "darwin"
      ],
      "engines": {
        "node": ">=12"
      }
    },
    "node_modules/@esbuild/darwin-x64": {
      "version": "0.21.5",
      "resolved": "https://registry.npmjs.org/@esbuild/darwin-x64/-/darwin-x64-0.21.5.tgz",
      "integrity": "sha512-Y4Uo/X8C9AL4K3f5R8jC0341yHhEx8EGF8tMxsryLzV0LMXb2k8EFPm3A4gXU3K4zV1i5iL2flqIryL+5d+mew==",
      "cpu": [
        "x64"
      ],
      "dev": true,
      "license": "MIT",
      "optional": true,
      "os": [
        "darwin"
      ],
      "engines": {
        "node": ">=12"
      }
    },
    "node_modules/@esbuild/freebsd-arm64": {
      "version": "0.21.5",
      "resolved": "https://registry.npmjs.org/@esbuild/freebsd-arm64/-/freebsd-arm64-0.21.5.tgz",
      "integrity": "sha512-sR7pIqBWeJt05lS9b8jH1r5A9GgYtXoXjMvK5Tq8dRN22J2wHhYVHQPl35e9A9FsyP2f62yJ0h9u1qGmw==",
      "cpu": [
        "arm64"
      ],
      "dev": true,
      "license": "MIT",
      "optional": true,
      "os": [
        "freebsd"
      ],
      "engines": {
        "node": ">=12"
      }
    },
    "node_modules/@esbuild/freebsd-x64": {
      "version": "0.21.5",
      "resolved": "https://registry.npmjs.org/@esbuild/freebsd-x64/-/freebsd-x64-0.21.5.tgz",
      "integrity": "sha512-4s8S5PqYnZ2WvL3pGgIq8M4g7j2c8rB4pA5E5O01Fk2H24d4JtwtH1D3f4Y2o0b3/Vw9x8kM0gVn553w==",
      "cpu": [
        "x64"
      ],
      "dev": true,
      "license": "MIT",
      "optional": true,
      "os": [
        "freebsd"
      ],
      "engines": {
        "node": ">=12"
      }
    },
    "node_modules/@esbuild/linux-arm": {
      "version": "0.21.5",
      "resolved": "https://registry.npmjs.org/@esbuild/linux-arm/-/linux-arm-0.21.5.tgz",
      "integrity": "sha512-70l6N8uU/F392/eD3B3PFL7r5z3S4SgI91x4M4aAEW4gS1wZfA6hZYjjslYgUoZ3L0Y6DqU3Wl8W5m1KqQ==",
      "cpu": [
        "arm"
      ],
      "dev": true,
      "license": "MIT",
      "optional": true,
      "os": [
        "linux"
      ],
      "engines": {
        "node": ">=12"
      }
    },
    "node_modules/@esbuild/linux-arm64": {
      "version": "0.21.5",
      "resolved": "https://registry.npmjs.org/@esbuild/linux-arm64/-/linux-arm64-0.21.5.tgz",
      "integrity": "sha512-G6X2d4fJkOtlS0dD+uB8Z2hJIXwUvLgA+LAb58A59uUxxQ2x1g3LwD3VEc4jFk05cr5iS1i29S2rPIXwG+Bf7g==",
      "cpu": [
        "arm64"
      ],
      "dev": true,
      "license": "MIT",
      "optional": true,
      "os": [
        "linux"
      ],
      "engines": {
        "node": ">=12"
      }
    },
    "node_modules/@esbuild/linux-ia32": {
      "version": "0.21.5",
      "resolved": "https://registry.npmjs.org/@esbuild/linux-ia32/-/linux-ia32-0.21.5.tgz",
      "integrity": "sha512-O7j5qGq4uK4V4JvLg7lH8x8VwIu2+3hJgM/+h5L2O3VFTQ0iZ0iSHGIfg6B5gWfO3lG8k+L+9A403X+w3g==",
      "cpu": [
        "ia32"
      ],
      "dev": true,
      "license": "MIT",
      "optional": true,
      "os": [
        "linux"
      ],
      "engines": {
        "node": ">=12"
      }
    },
    "node_modules/@esbuild/linux-loong64": {
      "version": "0.21.5",
      "resolved": "https://registry.npmjs.org/@esbuild/linux-loong64/-/linux-loong64-0.21.5.tgz",
      "integrity": "sha512-RzW8qYvPZZFwTKNrW+95y4Fk5EED1pA9aFfIqGzz785qXjNqDqoRqmTUVpG2Gxm+zGDQOZTFn1r48bZ7I1+7/Q==",
      "cpu": [
        "loong64"
      ],
      "dev": true,
      "license": "MIT",
      "optional": true,
      "os": [
        "linux"
      ],
      "engines": {
        "node": ">=12"
      }
    },
    "node_modules/@esbuild/linux-mips64el": {
      "version": "0.21.5",
      "resolved": "https://registry.npmjs.org/@esbuild/linux-mips64el/-/linux-mips64el-0.21.5.tgz",
      "integrity": "sha512-o/1Zf6O4F+A0kZ4r2lS4JtOezdeqDY0tY2bB6Gfsm2w1fOQ0+lD2gT/T/9BqS5dYtHntIuF0o27k+g0Y5xV8w==",
      "cpu": [
        "mips64el"
      ],
      "dev": true,
      "license": "MIT",
      "optional": true,
      "os": [
        "linux"
      ],
      "engines": {
        "node": ">=12"
      }
    },
    "node_modules/@esbuild/linux-ppc64": {
      "version": "0.21.5",
      "resolved": "https://registry.npmjs.org/@esbuild/linux-ppc64/-/linux-ppc64-0.21.5.tgz",
      "integrity": "sha512-Y1K6+4wFkS4j4zS/KqB5wUM9vjTqLTTiVj1VfMChG9Lmey3ySoPMD0QO31Jxe8u5WHS2z7+tF9005KXBQGf/qg==",
      "cpu": [
        "ppc64"
      ],
      "dev": true,
      "license": "MIT",
      "optional": true,
      "os": [
        "linux"
      ],
      "engines": {
        "node": ">=12"
      }
    },
    "node_modules/@esbuild/linux-riscv64": {
      "version": "0.21.5",
      "resolved": "https://registry.npmjs.org/@esbuild/linux-riscv64/-/linux-riscv64-0.21.5.tgz",
      "integrity": "sha512-QG27M7H2zQyOpUuM8v3xSCS1i07DoqR2AaSBFb5g/TqzhQ2+k/oWQDSD0yVwA2IeJb4g83bTjRlyd++GTu4yXw==",
      "cpu": [
        "riscv64"
      ],
      "dev": true,
      "license": "MIT",
      "optional": true,
      "os": [
        "linux"
      ],
      "engines": {
        "node": ">=12"
      }
    },
    "node_modules/@esbuild/linux-s390x": {
      "version": "0.21.5",
      "resolved": "https://registry.npmjs.org/@esbuild/linux-s390x/-/linux-s390x-0.21.5.tgz",
      "integrity": "sha512-hU7b7uYpDkR0TEx2SgA5fP2tHnGHhLqSBLAZDq3o7oY2a0sVrhQyD+e4W3iI9sT6J2F2F2D1h9z3XW28x2P8RA==",
      "cpu": [
        "s390x"
      ],
      "dev": true,
      "license": "MIT",
      "optional": true,
      "os": [
        "linux"
      ],
      "engines": {
        "node": ">=12"
      }
    },
    "node_modules/@esbuild/linux-x64": {
      "version": "0.21.5",
      "resolved": "https://registry.npmjs.org/@esbuild/linux-x64/-/linux-x64-0.21.5.tgz",
      "integrity": "sha512-1ZLLY5tKj2uSOTMhLADFkOQowBL+RkPFr/OEPGlpSo9e2M5x1qfH+RjssJ83fO3wLqV/j6iChLdlo1D5i/H+iQ==",
      "cpu": [
        "x64"
      ],
      "dev": true,
      "license": "MIT",
      "optional": true,
      "os": [
        "linux"
      ],
      "engines": {
        "node": ">=12"
      }
    },
    "node_modules/@esbuild/netbsd-x64": {
      "version": "0.21.5",
      "resolved": "https://registry.npmjs.org/@esbuild/netbsd-x64/-/netbsd-x64-0.21.5.tgz",
      "integrity": "sha512-Ea2NsnGgB1bM2W+2E6HlqndH6xT8YML5y6wNn25fOaL2X9b4V2I+8w20L4hE29cDmQ3fCEq+L6+70Ww3Bg==",
      "cpu": [
        "x64"
      ],
      "dev": true,
      "license": "MIT",
      "optional": true,
      "os": [
        "netbsd"
      ],
      "engines": {
        "node": ">=12"
      }
    },
    "node_modules/@esbuild/openbsd-x64": {
      "version": "0.21.5",
      "resolved": "https://registry.npmjs.org/@esbuild/openbsd-x64/-/openbsd-x64-0.21.5.tgz",
      "integrity": "sha512-B6Iu8YQcQj95eZ5pB/2g8CZdcfA+AyL6ZJbS2L6lS2bWj6gE4T9gD2oNf4lYgxWfEwzJnsT7pW5d4uYQ2lFzQ==",
      "cpu": [
        "x64"
      ],
      "dev": true,
      "license": "MIT",
      "optional": true,
      "os": [
        "openbsd"
      ],
      "engines": {
        "node": ">=12"
      }
    },
    "node_modules/@esbuild/sunos-x64": {
      "version": "0.21.5",
      "resolved": "https://registry.npmjs.org/@esbuild/sunos-x64/-/sunos-x64-0.21.5.tgz",
      "integrity": "sha512-A9FfDA8IeU0rAayC5Yk8smQxUzu13WkXgCKfDUSsEa0tqg6pB25n5SPOBCIYfl0Lh0K3hE28e1VvWSCjH6G1eA==",
      "cpu": [
        "x64"
      ],
      "dev": true,
      "license": "MIT",
      "optional": true,
      "os": [
        "sunos"
      ],
      "engines": {
        "node": ">=12"
      }
    },
    "node_modules/@esbuild/win32-arm64": {
      "version": "0.21.5",
      "resolved": "https://registry.npmjs.org/@esbuild/win32-arm64/-/win32-arm64-0.21.5.tgz",
      "integrity": "sha512-Y1wO0Q30DkL8T+pGZHLBcw/oZxdqXhTCBwH3A9bAmK7Y/KqJp4X3TqB5g48tFkIuQ51K0a3Vp4Vw7eL/8g6/Rg==",
      "cpu": [
        "arm64"
      ],
      "dev": true,
      "license": "MIT",
      "optional": true,
      "os": [
        "win32"
      ],
      "engines": {
        "node": ">=12"
      }
    },
    "node_modules/@esbuild/win32-ia32": {
      "version": "0.21.5",
      "resolved": "https://registry.npmjs.org/@esbuild/win32-ia32/-/win32-ia32-0.21.5.tgz",
      "integrity": "sha512-8178wAY/uCeyGhtkIeQpE6p3k+3iVAB2dCAhYV7O60KkE/tuKC2GGl5YqfomY1pumZBA5V7aTzlxYhC34jV0Tw==",
      "cpu": [
        "ia32"
      ],
      "dev": true,
      "license": "MIT",
      "optional": true,
      "os": [
        "win32"
      ],
      "engines": {
        "node": ">=12"
      }
    },
    "node_modules/@esbuild/win32-x64": {
      "version": "0.21.5",
      "resolved": "https://registry.npmjs.org/@esbuild/win32-x64/-/win32-x64-0.21.5.tgz",
      "integrity": "sha512-LgT2CXwSj+xT64ZqG9dCqCdwlXnE8A3nXPq/1GqN+pQd2GbnmJ2u9+rFrjYgGfGkU2uWDIiSZXrUSKk1pIe9g==",
      "cpu": [
        "x64"
      ],
      "dev": true,
      "license": "MIT",
      "optional": true,
      "os": [
        "win32"
      ],
      "engines": {
        "node": ">=12"
      }
    },
    "node_modules/@eslint-community/eslint-utils": {
      "version": "4.4.0",
      "resolved": "https://registry.npmjs.org/@eslint-community/eslint-utils/-/eslint-utils-4.4.0.tgz",
      "integrity": "sha512-1/sA4dMmaBIn+hcMCI twinningh45PTPVnsV3Z44Sro9nDg14l9eN/e3VNvt2T92G33eS22tquIZXD0isCA8iitXw==",
      "dev": true,
      "license": "MIT",
      "dependencies": {
        "eslint-visitor-keys": "^3.3.0"
      },
      "engines": {
        "node": "^12.22.0 || ^14.17.0 || >=16.0.0"
      },
      "peerDependencies": {
        "eslint": "^6.0.0 || ^7.0.0 || ^8.0.0"
      }
    },
    "node_modules/@eslint/js": {
      "version": "9.9.0",
      "resolved": "https://registry.npmjs.org/@eslint/js/-/js-9.9.0.tgz",
      "integrity": "sha512-I5q4sRHEe68Y2CsgfJg8j92rUHYg4yY6Kx+90yL728l/tMFK4y+20uoucygCs5/WdMqzqYx28Vb0sN9W8l4f+g==",
      "dev": true,
      "license": "MIT",
      "engines": {
        "node": "^18.18.0 || ^20.9.0 || >=22.0.0"
      }
    },
    "node_modules/@eslint/eslintrc": {
      "version": "3.1.0",
      "resolved": "https://registry.npmjs.org/@eslint/eslintrc/-/eslintrc-3.1.0.tgz",
      "integrity": "sha512-5/mYSnED1FYeX2N+sIgnac24htAWsAmQb63YVSz321+M2I97i2o6I0qDqIcdq5G/q3Noo2c2yNEfGI2bB9BEyQ==",
      "dev": true,
      "license": "MIT",
      "dependencies": {
        "ajv": "^6.12.4",
        "debug": "^4.3.2",
        "espree": "^10.0.1",
        "esquery": "^1.5.0",
        "ignore": "^5.3.1",
        "import-fresh": "^3.2.1",
        "js-yaml": "^4.1.0",
        "minimatch": "^3.1.2",
        "strip-json-comments": "^3.1.1"
      },
      "engines": {
        "node": "^18.18.0 || ^20.9.0 || >=22.0.0"
      },
      "funding": {
        "url": "https://opencollective.com/eslint"
      }
    },
    "node_modules/@eslint/eslintrc/node_modules/js-yaml": {
      "version": "4.1.0",
      "resolved": "https://registry.npmjs.org/js-yaml/-/js-yaml-4.1.0.tgz",
      "integrity": "sha512-wpxZs9NoxZaJESJGIZTyDEaYpl0FKSA+FB9aJiyemKhMwkxQg63h4T1KJgUGHpTqPDNRcmmYLugrRjJlBtWvRA==",
      "dev": true,
      "license": "MIT",
      "dependencies": {
        "argparse": "^2.0.1"
      },
      "bin": {
        "js-yaml": "bin/js-yaml.js"
      }
    },
    "node_modules/@floating-ui/core": {
      "version": "1.6.4",
      "resolved": "https://registry.npmjs.org/@floating-ui/core/-/core-1.6.4.tgz",
      "integrity": "sha512-Y45P3Zq+qJ1+/j1bY9fD74j4AhnI/AwfKAnbuhbvpAQS45pG6gnPz5SWv1TjC0pQoQh/9k3oBxDd+h7J7/66oQ==",
      "license": "MIT"
    },
    "node_modules/@floating-ui/dom": {
      "version": "1.6.8",
      "resolved": "https://registry.npmjs.org/@floating-ui/dom/-/dom-1.6.8.tgz",
      "integrity": "sha512-o/jR52/K8/oPB0nCujQe5eSflT/kX57gS81LqLwM94dIe2fQe3Icy0V09Yvj1hO25PqX4L1E+5e5sI28rE94A==",
      "license": "MIT",
      "dependencies": {
        "@floating-ui/core": "1.6.4"
      }
    },
    "node_modules/@floating-ui/react": {
      "version": "0.26.17",
      "resolved": "https://registry.npmjs.org/@floating-ui/react/-/react-0.26.17.tgz",
      "integrity": "sha512-1vj4wQ9e2zG5H/D0Jm1fKOkz3TY6JqIe2+n5WJnmL9I+XwA9zE64rWZG2iP8sEHQ7fT65bcsbY/l/Y38g2sK7w==",
      "license": "MIT",
      "dependencies": {
        "@floating-ui/react-dom": "2.1.2"
      },
      "peerDependencies": {
        "react": ">=16.8.0",
        "react-dom": ">=16.8.0"
      },
      "peerDependenciesMeta": {
        "react-dom": {
          "optional": true
        }
      }
    },
    "node_modules/@floating-ui/react-dom": {
      "version": "2.1.2",
      "resolved": "https://registry.npmjs.org/@floating-ui/react-dom/-/react-dom-2.1.2.tgz",
      "integrity": "sha512-sLg47XoA6oVqdP2uVbvV/2vWkYtWz4aO/e/cahjwe+hhtYd0qP+i2l8oM0jG2p/nJj2NnuV0pA+aX2nU8U49uw==",
      "license": "MIT",
      "dependencies": {
        "@floating-ui/dom": "1.6.8"
      },
      "peerDependencies": {
        "react": ">=16.8.0",
        "react-dom": ">=16.8.0"
      },
      "peerDependenciesMeta": {
        "react-dom": {
          "optional": true
        }
      }
    },
    "node_modules/@headlessui/react": {
      "version": "2.2.4",
      "resolved": "https://registry.npmjs.org/@headlessui/react/-/react-2.2.4.tgz",
      "integrity": "sha512-/2i6l9HlT3C07f3Kq/cW3CgX+6TAVeE7jG3jR0/c/QkSW/O0+1nQxJjE+4n710d2q/J3wT0rYdGkE/K23g==",
      "license": "MIT",
      "dependencies": {
        "@floating-ui/react": "0.26.17"
      },
      "peerDependencies": {
        "react": "^18.0.0"
      }
    },
    "node_modules/@hookform/resolvers": {
      "version": "3.9.0",
      "resolved": "https://registry.npmjs.org/@hookform/resolvers/-/resolvers-3.9.0.tgz",
      "integrity": "sha512-W4wGfH8o03aJqD+yUjI1m0T6I149i7e5kGZlEVc82v8yIAp/vOgrX23j4Cj3FODkXW1I6oW2XJq5N0V8u5qJA==",
      "license": "MIT"
    },
    "node_modules/@humanwhocodes/module-importer": {
      "version": "1.0.1",
      "resolved": "https://registry.npmjs.org/@humanwhocodes/module-importer/-/module-importer-1.0.1.tgz",
      "integrity": "sha512-bxveV4M2S+ySyFykFUS2s1IJUeUuJkChDk6nSAj2fuB3bls852cTgxR7DH/mXCk23Z14GjBw0i22iVfJb231og==",
      "dev": true,
      "license": "Apache-2.0",
      "engines": {
        "node": ">=12.22.0"
      },
      "funding": {
        "type": "github",
        "url": "https://github.com/sponsors/nzakas"
      }
    },
    "node_modules/@jridgewell/gen-mapping": {
      "version": "0.3.5",
      "resolved": "https://registry.npmjs.org/@jridgewell/gen-mapping/-/gen-mapping-0.3.5.tgz",
      "integrity": "sha512-IzL8+3l626p4Q2o+81i2VzJQYy2MrkLbv/3cVIW3Tf3c2XqkQ3kMAwT4qY2C+B+tT1I3P+BwXf/1KzOd23/rQ==",
      "dev": true,
      "license": "MIT",
      "dependencies": {
        "@jridgewell/set-array": "^1.0.1",
        "@jridgewell/sourcemap-codec": "^1.4.10",
        "@jridgewell/trace-mapping": "^0.3.24"
      },
      "engines": {
        "node": ">=6.0.0"
      }
    },
    "node_modules/@jridgewell/resolve-uri": {
      "version": "3.1.2",
      "resolved": "https://registry.npmjs.org/@jridgewell/resolve-uri/-/resolve-uri-3.1.2.tgz",
      "integrity": "sha512-b2NAlHeoH6o2bB0f2T/J3nPSiLSrHX1n4e6veClH2zABd0p3/wB8a+UUz95fEGz+2aYyL/nN8jU5p/Mh6WdY6A==",
      "license": "MIT",
      "engines": {
        "node": ">=6.0.0"
      }
    },
    "node_modules/@jridgewell/set-array": {
      "version": "1.2.1",
      "resolved": "https://registry.npmjs.org/@jridgewell/set-array/-/set-array-1.2.1.tgz",
      "integrity": "sha512-MZ2b22b6k9f2q4T2pgBSQyB3YLHA27AhoI6iJkY4fC2kIqRh9qSjVicV4jChNdR5nOq2j2on2bJ/pSj+kci6Og==",
      "dev": true,
      "license": "MIT",
      "engines": {
        "node": ">=6.0.0"
      }
    },
    "node_modules/@jridgewell/sourcemap-codec": {
      "version": "1.5.0",
      "resolved": "https://registry.npmjs.org/@jridgewell/sourcemap-codec/-/sourcemap-codec-1.5.0.tgz",
      "integrity": "sha512-YyHsA8s3xWf+fOga/+sLgOwz0yXXS9aPlzifJtGSlF/9iT6S2t72Tj2GrdAzsZHb1t+QY1ePlYwnH4X+0Gv+sA==",
      "license": "MIT"
    },
    "node_modules/@jridgewell/trace-mapping": {
      "version": "0.3.26",
      "resolved": "https://registry.npmjs.org/@jridgewell/trace-mapping/-/trace-mapping-0.3.26.tgz",
      "integrity": "sha512-/Mh+2B3g93A2e3yG+1XWR39e5lK7QfM5GvzerbXQ4tTo0Pch32FNhB2I/t4s7k2ZCMv1mI24NPNiL0C2c2Yltg==",
      "dev": true,
      "license": "MIT",
      "dependencies": {
        "@jridgewell/resolve-uri": "3.1.2",
        "@jridgewell/sourcemap-codec": "1.5.0"
      }
    },
    "node_modules/@nodelib/fs.scandir": {
      "version": "2.1.5",
      "resolved": "https://registry.npmjs.org/@nodelib/fs.scandir/-/fs.scandir-2.1.5.tgz",
      "integrity": "sha512-bSgC4UNL+t+2u9nB9+SPkLz2vjUu2n2a/4iY+4aYjSg3EVcR4KKb8BbuqsqWj+Kk2t+q+yZ5g6jP3jAChg==",
      "dev": true,
      "license": "MIT",
      "dependencies": {
        "@nodelib/fs.stat": "2.0.5",
        "run-parallel": "^1.2.0"
      },
      "engines": {
        "node": ">= 8"
      }
    },
    "node_modules/@nodelib/fs.stat": {
      "version": "2.0.5",
      "resolved": "https://registry.npmjs.org/@nodelib/fs.stat/-/fs.stat-2.0.5.tgz",
      "integrity": "sha512-3YfIux3hK/W8kUv7T1o4AQSrJbrO62h22a2L1a0/OnqA8aR2VTp2VlQk6gS4hG5I+A/D2h1lwsXK/pyGse2gQ==",
      "dev": true,
      "license": "MIT",
      "engines": {
        "node": ">= 8"
      }
    },
    "node_modules/@nodelib/fs.walk": {
      "version": "1.2.8",
      "resolved": "https://registry.npmjs.org/@nodelib/fs.walk/-/fs.walk-1.2.8.tgz",
      "integrity": "sha512-o+y+28E/5y/cO9faoiJ22aUo9tAfA5Qo22e/gQhaYJd36c2A2YyBebb5T2tQxWoei6Vask8fsUTxJcBGm2V2lQ==",
      "dev": true,
      "license": "MIT",
      "dependencies": {
        "@nodelib/fs.scandir": "2.1.5",
        "fastq": "^1.13.0"
      },
      "engines": {
        "node": ">= 8"
      }
    },
    "node_modules/@radix-ui/primitive": {
      "version": "1.1.2",
      "resolved": "https://registry.npmjs.org/@radix-ui/primitive/-/primitive-1.1.2.tgz",
      "integrity": "sha512-8N89i34nEBe/lUTJ2B7r1iVvL+eJ5L0+6nU9oF7jY2V54Fv2kO937Y10NG+sO5sOQve2Yx0G+jXkQ0cI+l/ZA==",
      "license": "MIT",
      "dependencies": {
        "react-is": "^16.8.0"
      },
      "peerDependencies": {
        "react": "^16.8 || ^17.0 || ^18.0 || ^19.0.0-rc",
        "react-dom": "^16.8 || ^17.0 || ^18.0 || ^19.0.0-rc"
      },
      "peerDependenciesMeta": {
        "react-dom": {
          "optional": true
        }
      }
    },
    "node_modules/@radix-ui/react-accordion": {
      "version": "1.2.0",
      "resolved": "https://registry.npmjs.org/@radix-ui/react-accordion/-/react-accordion-1.2.0.tgz",
      "integrity": "sha512-P5b8O/8hZkE3j2Jq0uD6A1hL0QkK8X+6k1D71uV4J/lSUEgL1zDA+5W77oFmI6sSvMJvVzS7zI4lYV76tQ4jA==",
      "license": "MIT",
      "dependencies": {
        "@radix-ui/react-compose-refs": "^1.1.0",
        "@radix-ui/react-context": "^1.1.0",
        "@radix-ui/react-collapsible": "^1.1.0",
        "@radix-ui/react-presence": "^1.1.0",
        "@radix-ui/react-primitive": "^1.1.0",
        "@radix-ui/react-slot": "^1.1.0"
      },
      "peerDependencies": {
        "react": "^16.8 || ^17.0 || ^18.0 || ^19.0.0-rc",
        "react-dom": "^16.8 || ^17.0 || ^18.0 || ^19.0.0-rc"
      }
    },
    "node_modules/@radix-ui/react-alert-dialog": {
      "version": "1.1.1",
      "resolved": "https://registry.npmjs.org/@radix-ui/react-alert-dialog/-/react-alert-dialog-1.1.1.tgz",
      "integrity": "sha512-Y1219jWc94Q4P71w2eT7o3+0jLbn/4vJcp2C0sJcRzE0qDFAFM9s11WbT8E/gqL0b3T3d0jI1oWd3xK1sO2gQ==",
      "license": "MIT",
      "dependencies": {
        "@radix-ui/react-compose-refs": "^1.1.0",
        "@radix-ui/react-dialog": "^1.1.1",
        "@radix-ui/react-slot": "^1.1.0"
      },
      "peerDependencies": {
        "react": "^16.8 || ^17.0 || ^18.0 || ^19.0.0-rc",
        "react-dom": "^16.8 || ^17.0 || ^18.0 || ^19.0.0-rc"
      }
    },
    "node_modules/@radix-ui/react-aspect-ratio": {
      "version": "1.1.0",
      "resolved": "https://registry.npmjs.org/@radix-ui/react-aspect-ratio/-/react-aspect-ratio-1.1.0.tgz",
      "integrity": "sha512-S+7lU9jS6wIqS1y+1kYyZAN01j8m/1h8E+3K3y0T23Wb3K4wJdE+8p23yq7d/a5P0rO8o1s6s7d2fE1oA==",
      "license": "MIT",
      "dependencies": {
        "@radix-ui/react-primitive": "^1.1.0"
      },
      "peerDependencies": {
        "react": "^16.8 || ^17.0 || ^18.0 || ^19.0.0-rc"
      }
    },
    "node_modules/@radix-ui/react-avatar": {
      "version": "1.1.0",
      "resolved": "https://registry.npmjs.org/@radix-ui/react-avatar/-/react-avatar-1.1.0.tgz",
      "integrity": "sha512-09mDc/yA7I9/Uv5o6n9y+dE/pD2tC/T8/y1xN+i6TfG9uWf64t9L6g5eFjWgaLd2/A4/S6b6o4c1a9n2g==",
      "license": "MIT",
      "dependencies": {
        "@radix-ui/react-presence": "^1.1.0",
        "@radix-ui/react-primitive": "^1.1.0"
      },
      "peerDependencies": {
        "react": "^16.8 || ^17.0 || ^18.0 || ^19.0.0-rc",
        "react-dom": "^16.8 || ^17.0 || ^18.0 || ^19.0.0-rc"
      }
    },
    "node_modules/@radix-ui/react-checkbox": {
      "version": "1.1.1",
      "resolved": "https://registry.npmjs.org/@radix-ui/react-checkbox/-/react-checkbox-1.1.1.tgz",
      "integrity": "sha512-O7Ua0L0U3y93W5t1u64v7jI68cvy8u4s+3LgWdM6yQzVb69g0p9Y1e6kO8p0y1m1n3b7e7s5k3f1g4a3g==",
      "license": "MIT",
      "dependencies": {
        "@radix-ui/react-compose-refs": "^1.1.0",
        "@radix-ui/react-context": "^1.1.0",
        "@radix-ui/react-presence": "^1.1.0",
        "@radix-ui/react-primitive": "^1.1.0",
        "prop-types": "^15.6.0"
      },
      "peerDependencies": {
        "react": "^16.8 || ^17.0 || ^18.0 || ^19.0.0-rc"
      }
    },
    "node_modules/@radix-ui/react-collection": {
      "version": "1.1.0",
      "resolved": "https://registry.npmjs.org/@radix-ui/react-collection/-/react-collection-1.1.0.tgz",
      "integrity": "sha512-CgP+g3rK7pLwF8J2d3L22Yy2H6PCgKkI5kO5kIeFv3XvTAnb52Bw5pCgTxk6i0yVdJb/S3v8+A4nsohOQ==",
      "license": "MIT",
      "dependencies": {
        "@radix-ui/react-compose-refs": "^1.1.0",
        "@radix-ui/react-context": "^1.1.0",
        "@radix-ui/react-primitive": "^1.1.0",
        "@radix-ui/react-slot": "^1.1.0"
      },
      "peerDependencies": {
        "react": "^16.8 || ^17.0 || ^18.0 || ^19.0.0-rc"
      }
    },
    "node_modules/@radix-ui/react-collapsible": {
      "version": "1.1.0",
      "resolved": "https://registry.npmjs.org/@radix-ui/react-collapsible/-/react-collapsible-1.1.0.tgz",
      "integrity": "sha512-s/a/K2eD/3a79rX6kU3Y/yZ7h9oQ4A/e/YFEf1PZa/TMrgR2D/eK5vjIJVmBf/m2/3wLwp9t9X569w6tjwBKA==",
      "license": "MIT",
      "dependencies": {
        "@radix-ui/react-compose-refs": "^1.1.0",
        "@radix-ui/react-context": "^1.1.0",
        "@radix-ui/react-presence": "^1.1.0",
        "@radix-ui/react-primitive": "^1.1.0"
      },
      "peerDependencies": {
        "react": "^16.8 || ^17.0 || ^18.0 || ^19.0.0-rc"
      }
    },
    "node_modules/@radix-ui/react-compose-refs": {
      "version": "1.1.0",
      "resolved": "https://registry.npmjs.org/@radix-ui/react-compose-refs/-/react-compose-refs-1.1.0.tgz",
      "integrity": "sha512-5/4B2Hw6cpIQCd0+T6GgN1i+3lB2Nddx3k+CW3s8S/gAwnu3ZSFzE/5+tTmyL6A5vWKeUvtvBEKjR8P+yA/yAA==",
      "license": "MIT",
      "peerDependencies": {
        "react": "^16.8 || ^17.0 || ^18.0 || ^19.0.0-rc"
      }
    },
    "node_modules/@radix-ui/react-context": {
      "version": "1.1.0",
      "resolved": "https://registry.npmjs.org/@radix-ui/react-context/-/react-context-1.1.0.tgz",
      "integrity": "sha512-B2FqwC2ch3TzSOTpYcIi+gT1m6n2e4iMNC5dkmT5t3syTrw53Q+j2B/S9TqjTw9P8b7xwdgG2tYAs789vA3g+g==",
      "license": "MIT",
      "peerDependencies": {
        "react": "^16.8 || ^17.0 || ^18.0 || ^19.0.0-rc"
      }
    },
    "node_modules/@radix-ui/react-context-menu": {
      "version": "2.2.1",
      "resolved": "https://registry.npmjs.org/@radix-ui/react-context-menu/-/react-context-menu-2.2.1.tgz",
      "integrity": "sha512-Y0g2c+lV+17x2tqG9y8GbxnZtJ1oQd+U1UjQ8/4u44XpU9hLSSoT/gY0u4iTfK0a4qgQ9iL9p9aX2w/jPQ==",
      "license": "MIT",
      "dependencies": {
        "@radix-ui/react-menu": "^2.1.1",
        "@radix-ui/react-slot": "^1.1.0"
      },
      "peerDependencies": {
        "react": "^16.8 || ^17.0 || ^18.0 || ^19.0.0-rc",
        "react-dom": "^16.8 || ^17.0 || ^18.0 || ^19.0.0-rc"
      }
    },
    "node_modules/@radix-ui/react-dialog": {
      "version": "1.1.2",
      "resolved": "https://registry.npmjs.org/@radix-ui/react-dialog/-/react-dialog-1.1.2.tgz",
      "integrity": "sha512-yC85l998q3wYpD2zVlUu/K2x8GkOSpdwQk9oJkS2rNsPbv+i4z6tX+01nBAlwYp9tckrC4oO3sQ3A4kL2jQGqg==",
      "license": "MIT",
      "dependencies": {
        "@radix-ui/react-dismissable-layer": "^1.1.2",
        "@radix-ui/react-focus-scope": "^1.1.1",
        "@radix-ui/react-portal": "^1.1.1",
        "@radix-ui/react-presence": "^1.1.1",
        "@radix-ui/react-slot": "^1.1.0"
      },
      "peerDependencies": {
        "react": "^16.8 || ^17.0 || ^18.0 || ^19.0.0-rc",
        "react-dom": "^16.8 || ^17.0 || ^18.0 || ^19.0.0-rc"
      }
    },
    "node_modules/@radix-ui/react-direction": {
      "version": "1.1.0",
      "resolved": "https://registry.npmjs.org/@radix-ui/react-direction/-/react-direction-1.1.0.tgz",
      "integrity": "sha512-6L/o3ds2s3fLp2sLz2e1S8fP0LSRvj29u7vC2qfT019k1s8+yS3l3iBq+Y/8yF4K6TbqoXwY/fJTrQ3g==",
      "license": "MIT",
      "dependencies": {
        "@radix-ui/react-context": "^1.1.0",
        "@radix-ui/react-primitive": "^1.1.0"
      },
      "peerDependencies": {
        "react": "^16.8 || ^17.0 || ^18.0 || ^19.0.0-rc"
      }
    },
    "node_modules/@radix-ui/react-dismissable-layer": {
      "version": "1.1.2",
      "resolved": "https://registry.npmjs.org/@radix-ui/react-dismissable-layer/-/react-dismissable-layer-1.1.2.tgz",
      "integrity": "sha512-sJg4u60vL9f9gL0Lvy+s3sE21r+2fU1hMk3lCGL3/ah8368wP8yVZxQ1YV8KxTzLz1yYw3j4o2lIe3g2Ew0IJA==",
      "license": "MIT",
      "dependencies": {
        "@radix-ui/react-compose-refs": "^1.1.0",
        "@radix-ui/react-primitive": "^1.1.0"
      },
      "peerDependencies": {
        "react": "^16.8 || ^17.0 || ^18.0 || ^19.0.0-rc",
        "react-dom": "^16.8 || ^17.0 || ^18.0 || ^19.0.0-rc"
      }
    },
    "node_modules/@radix-ui/react-dropdown-menu": {
      "version": "2.1.1",
      "resolved": "https://registry.npmjs.org/@radix-ui/react-dropdown-menu/-/react-dropdown-menu-2.1.1.tgz",
      "integrity": "sha512-QpP1kFh4zGvJvL2fNPAqjW9r66v2qM5j1b9hXmD1iJ/e9d0X92I099N8YfB2Bgo2u8t0I2A+s3k2g6h6Q==",
      "license": "MIT",
      "dependencies": {
        "@radix-ui/react-menu": "^2.1.1",
        "@radix-ui/react-slot": "^1.1.0"
      },
      "peerDependencies": {
        "react": "^16.8 || ^17.0 || ^18.0 || ^19.0.0-rc",
        "react-dom": "^16.8 || ^17.0 || ^18.0 || ^19.0.0-rc"
      }
    },
    "node_modules/@radix-ui/react-focus-guards": {
      "version": "1.1.0",
      "resolved": "https://registry.npmjs.org/@radix-ui/react-focus-guards/-/react-focus-guards-1.1.0.tgz",
      "integrity": "sha512-I5I+wT3F204d0qfT01pB8dEt40aYqN/+Cj4bXgDM4c00C3S4xV69x+K6Tj87lM7E3kQ45nZpI6+8FqG1gA==",
      "license": "MIT",
      "peerDependencies": {
        "react": "^16.8 || ^17.0 || ^18.0 || ^19.0.0-rc"
      }
    },
    "node_modules/@radix-ui/react-focus-scope": {
      "version": "1.1.1",
      "resolved": "https://registry.npmjs.org/@radix-ui/react-focus-scope/-/react-focus-scope-1.1.1.tgz",
      "integrity": "sha512-Y30qXQyZ46RjO6K0/28GPRnO9RLqj1y7K2Hl6gAF7sOaB0fWJqChFj4AnH63Mff8X1oFqfG8oUa+rS2yJ1iY0Q==",
      "license": "MIT",
      "dependencies": {
        "@radix-ui/react-compose-refs": "^1.1.0"
      },
      "peerDependencies": {
        "react": "^16.8 || ^17.0 || ^18.0 || ^19.0.0-rc"
      }
    },
    "node_modules/@radix-ui/react-hover-card": {
      "version": "1.1.1",
      "resolved": "https://registry.npmjs.org/@radix-ui/react-hover-card/-/react-hover-card-1.1.1.tgz",
      "integrity": "sha512-Y1/T+o94r8QdG+U+lV0iA58Tyt7w+25MisfQpS/qE2HqA0qG9pD+t/iU6hSg3oI9nS4oF7h6k6jW2w6bYQ==",
      "license": "MIT",
      "dependencies": {
        "@radix-ui/react-compose-refs": "^1.1.0",
        "@radix-ui/react-dismissable-layer": "^1.1.1",
        "@radix-ui/react-focus-scope": "^1.1.1",
        "@radix-ui/react-popper": "^1.2.1",
        "@radix-ui/react-portal": "^1.1.1",
        "@radix-ui/react-presence": "^1.1.1"
      },
      "peerDependencies": {
        "react": "^16.8 || ^17.0 || ^18.0 || ^19.0.0-rc",
        "react-dom": "^16.8 || ^17.0 || ^18.0 || ^19.0.0-rc"
      }
    },
    "node_modules/@radix-ui/react-id": {
      "version": "1.1.0",
      "resolved": "https://registry.npmjs.org/@radix-ui/react-id/-/react-id-1.1.0.tgz",
      "integrity": "sha512-s/CV8q1Lq6pI/1yZ4/30z8A0eA13S1hHnSmmVdDrojx2rvm3l+XFjex6bA6I2M+u+x083L46p3SveiL7CqLSA==",
      "license": "MIT",
      "dependencies": {
        "@radix-ui/react-compose-refs": "^1.1.0"
      },
      "peerDependencies": {
        "react": "^16.8 || ^17.0 || ^18.0 || ^19.0.0-rc"
      }
    },
    "node_modules/@radix-ui/react-label": {
      "version": "2.1.0",
      "resolved": "https://registry.npmjs.org/@radix-ui/react-label/-/react-label-2.1.0.tgz",
      "integrity": "sha512-v4K+1T0k6M23+9gG2c9+6FmN1GZyXqP7p0S361eTj9Wl9h0o6QoI1o0H4W9nQ1o5rM7+aF23i+l1gKkQ==",
      "license": "MIT",
      "dependencies": {
        "@radix-ui/react-compose-refs": "^1.1.0",
        "@radix-ui/react-primitive": "^1.1.0"
      },
      "peerDependencies": {
        "react": "^16.8 || ^17.0 || ^18.0 || ^19.0.0-rc"
      }
    },
    "node_modules/@radix-ui/react-menubar": {
      "version": "1.1.1",
      "resolved": "https://registry.npmjs.org/@radix-ui/react-menubar/-/react-menubar-1.1.1.tgz",
      "integrity": "sha512-H+W5sY403s5nQoXQ7j/Yq1gT+9M47Y2u813x3z8Uq21oT4M0W1+q3tJ7f7s4x4s4n7s6g4e4v3h8g==",
      "license": "MIT",
      "dependencies": {
        "@radix-ui/react-menu": "^2.1.1",
        "@radix-ui/react-slot": "^1.1.0"
      },
      "peerDependencies": {
        "react": "^16.8 || ^17.0 || ^18.0 || ^19.0.0-rc",
        "react-dom": "^16.8 || ^17.0 || ^18.0 || ^19.0.0-rc"
      }
    },
    "node_modules/@radix-ui/react-menu": {
      "version": "2.1.1",
      "resolved": "https://registry.npmjs.org/